// !$*UTF8*$!
{
	archiveVersion = 1;
	classes = {
	};
	objectVersion = 46;
	objects = {

/* Begin PBXBuildFile section */
		303418D31ADD306A00A0C2B5 /* main.m in Sources */ = {isa = PBXBuildFile; fileRef = 303418D21ADD306A00A0C2B5 /* main.m */; };
		303418D61ADD306A00A0C2B5 /* AppDelegate.m in Sources */ = {isa = PBXBuildFile; fileRef = 303418D51ADD306A00A0C2B5 /* AppDelegate.m */; };
		303418D91ADD306A00A0C2B5 /* ViewController.m in Sources */ = {isa = PBXBuildFile; fileRef = 303418D81ADD306A00A0C2B5 /* ViewController.m */; };
		303418DC1ADD306A00A0C2B5 /* Main.storyboard in Resources */ = {isa = PBXBuildFile; fileRef = 303418DA1ADD306A00A0C2B5 /* Main.storyboard */; };
		303418DE1ADD306A00A0C2B5 /* Images.xcassets in Resources */ = {isa = PBXBuildFile; fileRef = 303418DD1ADD306A00A0C2B5 /* Images.xcassets */; };
		303418E11ADD306A00A0C2B5 /* LaunchScreen.xib in Resources */ = {isa = PBXBuildFile; fileRef = 303418DF1ADD306A00A0C2B5 /* LaunchScreen.xib */; };
		303418ED1ADD306A00A0C2B5 /* week5_scrollviewTests.m in Sources */ = {isa = PBXBuildFile; fileRef = 303418EC1ADD306A00A0C2B5 /* week5_scrollviewTests.m */; };
/* End PBXBuildFile section */

/* Begin PBXContainerItemProxy section */
		303418E71ADD306A00A0C2B5 /* PBXContainerItemProxy */ = {
			isa = PBXContainerItemProxy;
			containerPortal = 303418C51ADD306A00A0C2B5 /* Project object */;
			proxyType = 1;
			remoteGlobalIDString = 303418CC1ADD306A00A0C2B5;
			remoteInfo = "week5-scrollview";
		};
/* End PBXContainerItemProxy section */

/* Begin PBXFileReference section */
		303418CD1ADD306A00A0C2B5 /* week5-scrollview.app */ = {isa = PBXFileReference; explicitFileType = wrapper.application; includeInIndex = 0; path = "week5-scrollview.app"; sourceTree = BUILT_PRODUCTS_DIR; };
		303418D11ADD306A00A0C2B5 /* Info.plist */ = {isa = PBXFileReference; lastKnownFileType = text.plist.xml; path = Info.plist; sourceTree = "<group>"; };
		303418D21ADD306A00A0C2B5 /* main.m */ = {isa = PBXFileReference; lastKnownFileType = sourcecode.c.objc; path = main.m; sourceTree = "<group>"; };
		303418D41ADD306A00A0C2B5 /* AppDelegate.h */ = {isa = PBXFileReference; lastKnownFileType = sourcecode.c.h; path = AppDelegate.h; sourceTree = "<group>"; };
		303418D51ADD306A00A0C2B5 /* AppDelegate.m */ = {isa = PBXFileReference; lastKnownFileType = sourcecode.c.objc; path = AppDelegate.m; sourceTree = "<group>"; };
		303418D71ADD306A00A0C2B5 /* ViewController.h */ = {isa = PBXFileReference; lastKnownFileType = sourcecode.c.h; path = ViewController.h; sourceTree = "<group>"; };
		303418D81ADD306A00A0C2B5 /* ViewController.m */ = {isa = PBXFileReference; lastKnownFileType = sourcecode.c.objc; path = ViewController.m; sourceTree = "<group>"; };
		303418DB1ADD306A00A0C2B5 /* Base */ = {isa = PBXFileReference; lastKnownFileType = file.storyboard; name = Base; path = Base.lproj/Main.storyboard; sourceTree = "<group>"; };
		303418DD1ADD306A00A0C2B5 /* Images.xcassets */ = {isa = PBXFileReference; lastKnownFileType = folder.assetcatalog; path = Images.xcassets; sourceTree = "<group>"; };
		303418E01ADD306A00A0C2B5 /* Base */ = {isa = PBXFileReference; lastKnownFileType = file.xib; name = Base; path = Base.lproj/LaunchScreen.xib; sourceTree = "<group>"; };
		303418E61ADD306A00A0C2B5 /* week5-scrollviewTests.xctest */ = {isa = PBXFileReference; explicitFileType = wrapper.cfbundle; includeInIndex = 0; path = "week5-scrollviewTests.xctest"; sourceTree = BUILT_PRODUCTS_DIR; };
		303418EB1ADD306A00A0C2B5 /* Info.plist */ = {isa = PBXFileReference; lastKnownFileType = text.plist.xml; path = Info.plist; sourceTree = "<group>"; };
		303418EC1ADD306A00A0C2B5 /* week5_scrollviewTests.m */ = {isa = PBXFileReference; lastKnownFileType = sourcecode.c.objc; path = week5_scrollviewTests.m; sourceTree = "<group>"; };
/* End PBXFileReference section */

/* Begin PBXFrameworksBuildPhase section */
		303418CA1ADD306A00A0C2B5 /* Frameworks */ = {
			isa = PBXFrameworksBuildPhase;
			buildActionMask = 2147483647;
			files = (
			);
			runOnlyForDeploymentPostprocessing = 0;
		};
		303418E31ADD306A00A0C2B5 /* Frameworks */ = {
			isa = PBXFrameworksBuildPhase;
			buildActionMask = 2147483647;
			files = (
			);
			runOnlyForDeploymentPostprocessing = 0;
		};
/* End PBXFrameworksBuildPhase section */

/* Begin PBXGroup section */
		303418C41ADD306A00A0C2B5 = {
			isa = PBXGroup;
			children = (
				303418CF1ADD306A00A0C2B5 /* week5-scrollview */,
				303418E91ADD306A00A0C2B5 /* week5-scrollviewTests */,
				303418CE1ADD306A00A0C2B5 /* Products */,
			);
			sourceTree = "<group>";
		};
		303418CE1ADD306A00A0C2B5 /* Products */ = {
			isa = PBXGroup;
			children = (
				303418CD1ADD306A00A0C2B5 /* week5-scrollview.app */,
				303418E61ADD306A00A0C2B5 /* week5-scrollviewTests.xctest */,
			);
			name = Products;
			sourceTree = "<group>";
		};
		303418CF1ADD306A00A0C2B5 /* week5-scrollview */ = {
			isa = PBXGroup;
			children = (
				303418D41ADD306A00A0C2B5 /* AppDelegate.h */,
				303418D51ADD306A00A0C2B5 /* AppDelegate.m */,
				303418D71ADD306A00A0C2B5 /* ViewController.h */,
				303418D81ADD306A00A0C2B5 /* ViewController.m */,
				303418DA1ADD306A00A0C2B5 /* Main.storyboard */,
				303418DD1ADD306A00A0C2B5 /* Images.xcassets */,
				303418DF1ADD306A00A0C2B5 /* LaunchScreen.xib */,
				303418D01ADD306A00A0C2B5 /* Supporting Files */,
			);
			path = "week5-scrollview";
			sourceTree = "<group>";
		};
		303418D01ADD306A00A0C2B5 /* Supporting Files */ = {
			isa = PBXGroup;
			children = (
				303418D11ADD306A00A0C2B5 /* Info.plist */,
				303418D21ADD306A00A0C2B5 /* main.m */,
			);
			name = "Supporting Files";
			sourceTree = "<group>";
		};
		303418E91ADD306A00A0C2B5 /* week5-scrollviewTests */ = {
			isa = PBXGroup;
			children = (
				303418EC1ADD306A00A0C2B5 /* week5_scrollviewTests.m */,
				303418EA1ADD306A00A0C2B5 /* Supporting Files */,
			);
			path = "week5-scrollviewTests";
			sourceTree = "<group>";
		};
		303418EA1ADD306A00A0C2B5 /* Supporting Files */ = {
			isa = PBXGroup;
			children = (
				303418EB1ADD306A00A0C2B5 /* Info.plist */,
			);
			name = "Supporting Files";
			sourceTree = "<group>";
		};
/* End PBXGroup section */

/* Begin PBXNativeTarget section */
		303418CC1ADD306A00A0C2B5 /* week5-scrollview */ = {
			isa = PBXNativeTarget;
			buildConfigurationList = 303418F01ADD306A00A0C2B5 /* Build configuration list for PBXNativeTarget "week5-scrollview" */;
			buildPhases = (
				303418C91ADD306A00A0C2B5 /* Sources */,
				303418CA1ADD306A00A0C2B5 /* Frameworks */,
				303418CB1ADD306A00A0C2B5 /* Resources */,
			);
			buildRules = (
			);
			dependencies = (
			);
			name = "week5-scrollview";
			productName = "week5-scrollview";
			productReference = 303418CD1ADD306A00A0C2B5 /* week5-scrollview.app */;
			productType = "com.apple.product-type.application";
		};
		303418E51ADD306A00A0C2B5 /* week5-scrollviewTests */ = {
			isa = PBXNativeTarget;
			buildConfigurationList = 303418F31ADD306A00A0C2B5 /* Build configuration list for PBXNativeTarget "week5-scrollviewTests" */;
			buildPhases = (
				303418E21ADD306A00A0C2B5 /* Sources */,
				303418E31ADD306A00A0C2B5 /* Frameworks */,
				303418E41ADD306A00A0C2B5 /* Resources */,
			);
			buildRules = (
			);
			dependencies = (
				303418E81ADD306A00A0C2B5 /* PBXTargetDependency */,
			);
			name = "week5-scrollviewTests";
			productName = "week5-scrollviewTests";
			productReference = 303418E61ADD306A00A0C2B5 /* week5-scrollviewTests.xctest */;
			productType = "com.apple.product-type.bundle.unit-test";
		};
/* End PBXNativeTarget section */

/* Begin PBXProject section */
		303418C51ADD306A00A0C2B5 /* Project object */ = {
			isa = PBXProject;
			attributes = {
				LastUpgradeCheck = 0620;
				ORGANIZATIONNAME = "Hyungjin Ko";
				TargetAttributes = {
					303418CC1ADD306A00A0C2B5 = {
						CreatedOnToolsVersion = 6.2;
					};
					303418E51ADD306A00A0C2B5 = {
						CreatedOnToolsVersion = 6.2;
						TestTargetID = 303418CC1ADD306A00A0C2B5;
					};
				};
			};
			buildConfigurationList = 303418C81ADD306A00A0C2B5 /* Build configuration list for PBXProject "week5-scrollview" */;
			compatibilityVersion = "Xcode 3.2";
			developmentRegion = English;
			hasScannedForEncodings = 0;
			knownRegions = (
				en,
				Base,
			);
			mainGroup = 303418C41ADD306A00A0C2B5;
			productRefGroup = 303418CE1ADD306A00A0C2B5 /* Products */;
			projectDirPath = "";
			projectRoot = "";
			targets = (
				303418CC1ADD306A00A0C2B5 /* week5-scrollview */,
				303418E51ADD306A00A0C2B5 /* week5-scrollviewTests */,
			);
		};
/* End PBXProject section */

/* Begin PBXResourcesBuildPhase section */
		303418CB1ADD306A00A0C2B5 /* Resources */ = {
			isa = PBXResourcesBuildPhase;
			buildActionMask = 2147483647;
			files = (
				303418DC1ADD306A00A0C2B5 /* Main.storyboard in Resources */,
				303418E11ADD306A00A0C2B5 /* LaunchScreen.xib in Resources */,
				303418DE1ADD306A00A0C2B5 /* Images.xcassets in Resources */,
			);
			runOnlyForDeploymentPostprocessing = 0;
		};
		303418E41ADD306A00A0C2B5 /* Resources */ = {
			isa = PBXResourcesBuildPhase;
			buildActionMask = 2147483647;
			files = (
			);
			runOnlyForDeploymentPostprocessing = 0;
		};
/* End PBXResourcesBuildPhase section */

/* Begin PBXSourcesBuildPhase section */
		303418C91ADD306A00A0C2B5 /* Sources */ = {
			isa = PBXSourcesBuildPhase;
			buildActionMask = 2147483647;
			files = (
				303418D91ADD306A00A0C2B5 /* ViewController.m in Sources */,
				303418D61ADD306A00A0C2B5 /* AppDelegate.m in Sources */,
				303418D31ADD306A00A0C2B5 /* main.m in Sources */,
			);
			runOnlyForDeploymentPostprocessing = 0;
		};
		303418E21ADD306A00A0C2B5 /* Sources */ = {
			isa = PBXSourcesBuildPhase;
			buildActionMask = 2147483647;
			files = (
				303418ED1ADD306A00A0C2B5 /* week5_scrollviewTests.m in Sources */,
			);
			runOnlyForDeploymentPostprocessing = 0;
		};
/* End PBXSourcesBuildPhase section */

/* Begin PBXTargetDependency section */
		303418E81ADD306A00A0C2B5 /* PBXTargetDependency */ = {
			isa = PBXTargetDependency;
			target = 303418CC1ADD306A00A0C2B5 /* week5-scrollview */;
			targetProxy = 303418E71ADD306A00A0C2B5 /* PBXContainerItemProxy */;
		};
/* End PBXTargetDependency section */

/* Begin PBXVariantGroup section */
		303418DA1ADD306A00A0C2B5 /* Main.storyboard */ = {
			isa = PBXVariantGroup;
			children = (
				303418DB1ADD306A00A0C2B5 /* Base */,
			);
			name = Main.storyboard;
			sourceTree = "<group>";
		};
		303418DF1ADD306A00A0C2B5 /* LaunchScreen.xib */ = {
			isa = PBXVariantGroup;
			children = (
				303418E01ADD306A00A0C2B5 /* Base */,
			);
			name = LaunchScreen.xib;
			sourceTree = "<group>";
		};
/* End PBXVariantGroup section */

/* Begin XCBuildConfiguration section */
		303418EE1ADD306A00A0C2B5 /* Debug */ = {
			isa = XCBuildConfiguration;
			buildSettings = {
				ALWAYS_SEARCH_USER_PATHS = NO;
				CLANG_CXX_LANGUAGE_STANDARD = "gnu++0x";
				CLANG_CXX_LIBRARY = "libc++";
				CLANG_ENABLE_MODULES = YES;
				CLANG_ENABLE_OBJC_ARC = YES;
				CLANG_WARN_BOOL_CONVERSION = YES;
				CLANG_WARN_CONSTANT_CONVERSION = YES;
				CLANG_WARN_DIRECT_OBJC_ISA_USAGE = YES_ERROR;
				CLANG_WARN_EMPTY_BODY = YES;
				CLANG_WARN_ENUM_CONVERSION = YES;
				CLANG_WARN_INT_CONVERSION = YES;
				CLANG_WARN_OBJC_ROOT_CLASS = YES_ERROR;
				CLANG_WARN_UNREACHABLE_CODE = YES;
				CLANG_WARN__DUPLICATE_METHOD_MATCH = YES;
				"CODE_SIGN_IDENTITY[sdk=iphoneos*]" = "iPhone Developer";
				COPY_PHASE_STRIP = NO;
				ENABLE_STRICT_OBJC_MSGSEND = YES;
				GCC_C_LANGUAGE_STANDARD = gnu99;
				GCC_DYNAMIC_NO_PIC = NO;
				GCC_OPTIMIZATION_LEVEL = 0;
				GCC_PREPROCESSOR_DEFINITIONS = (
					"DEBUG=1",
					"$(inherited)",
				);
				GCC_SYMBOLS_PRIVATE_EXTERN = NO;
				GCC_WARN_64_TO_32_BIT_CONVERSION = YES;
				GCC_WARN_ABOUT_RETURN_TYPE = YES_ERROR;
				GCC_WARN_UNDECLARED_SELECTOR = YES;
				GCC_WARN_UNINITIALIZED_AUTOS = YES_AGGRESSIVE;
				GCC_WARN_UNUSED_FUNCTION = YES;
				GCC_WARN_UNUSED_VARIABLE = YES;
				IPHONEOS_DEPLOYMENT_TARGET = 8.2;
				MTL_ENABLE_DEBUG_INFO = YES;
				ONLY_ACTIVE_ARCH = YES;
				SDKROOT = iphoneos;
			};
			name = Debug;
		};
		303418EF1ADD306A00A0C2B5 /* Release */ = {
			isa = XCBuildConfiguration;
			buildSettings = {
				ALWAYS_SEARCH_USER_PATHS = NO;
				CLANG_CXX_LANGUAGE_STANDARD = "gnu++0x";
				CLANG_CXX_LIBRARY = "libc++";
				CLANG_ENABLE_MODULES = YES;
				CLANG_ENABLE_OBJC_ARC = YES;
				CLANG_WARN_BOOL_CONVERSION = YES;
				CLANG_WARN_CONSTANT_CONVERSION = YES;
				CLANG_WARN_DIRECT_OBJC_ISA_USAGE = YES_ERROR;
				CLANG_WARN_EMPTY_BODY = YES;
				CLANG_WARN_ENUM_CONVERSION = YES;
				CLANG_WARN_INT_CONVERSION = YES;
				CLANG_WARN_OBJC_ROOT_CLASS = YES_ERROR;
				CLANG_WARN_UNREACHABLE_CODE = YES;
				CLANG_WARN__DUPLICATE_METHOD_MATCH = YES;
				"CODE_SIGN_IDENTITY[sdk=iphoneos*]" = "iPhone Developer";
				COPY_PHASE_STRIP = NO;
				ENABLE_NS_ASSERTIONS = NO;
				ENABLE_STRICT_OBJC_MSGSEND = YES;
				GCC_C_LANGUAGE_STANDARD = gnu99;
				GCC_WARN_64_TO_32_BIT_CONVERSION = YES;
				GCC_WARN_ABOUT_RETURN_TYPE = YES_ERROR;
				GCC_WARN_UNDECLARED_SELECTOR = YES;
				GCC_WARN_UNINITIALIZED_AUTOS = YES_AGGRESSIVE;
				GCC_WARN_UNUSED_FUNCTION = YES;
				GCC_WARN_UNUSED_VARIABLE = YES;
				IPHONEOS_DEPLOYMENT_TARGET = 8.2;
				MTL_ENABLE_DEBUG_INFO = NO;
				SDKROOT = iphoneos;
				VALIDATE_PRODUCT = YES;
			};
			name = Release;
		};
		303418F11ADD306A00A0C2B5 /* Debug */ = {
			isa = XCBuildConfiguration;
			buildSettings = {
				ASSETCATALOG_COMPILER_APPICON_NAME = AppIcon;
				INFOPLIST_FILE = "week5-scrollview/Info.plist";
				LD_RUNPATH_SEARCH_PATHS = "$(inherited) @executable_path/Frameworks";
				PRODUCT_NAME = "$(TARGET_NAME)";
			};
			name = Debug;
		};
		303418F21ADD306A00A0C2B5 /* Release */ = {
			isa = XCBuildConfiguration;
			buildSettings = {
				ASSETCATALOG_COMPILER_APPICON_NAME = AppIcon;
				INFOPLIST_FILE = "week5-scrollview/Info.plist";
				LD_RUNPATH_SEARCH_PATHS = "$(inherited) @executable_path/Frameworks";
				PRODUCT_NAME = "$(TARGET_NAME)";
			};
			name = Release;
		};
		303418F41ADD306A00A0C2B5 /* Debug */ = {
			isa = XCBuildConfiguration;
			buildSettings = {
				BUNDLE_LOADER = "$(TEST_HOST)";
				FRAMEWORK_SEARCH_PATHS = (
					"$(SDKROOT)/Developer/Library/Frameworks",
					"$(inherited)",
				);
				GCC_PREPROCESSOR_DEFINITIONS = (
					"DEBUG=1",
					"$(inherited)",
				);
				INFOPLIST_FILE = "week5-scrollviewTests/Info.plist";
				LD_RUNPATH_SEARCH_PATHS = "$(inherited) @executable_path/Frameworks @loader_path/Frameworks";
				PRODUCT_NAME = "$(TARGET_NAME)";
				TEST_HOST = "$(BUILT_PRODUCTS_DIR)/week5-scrollview.app/week5-scrollview";
			};
			name = Debug;
		};
		303418F51ADD306A00A0C2B5 /* Release */ = {
			isa = XCBuildConfiguration;
			buildSettings = {
				BUNDLE_LOADER = "$(TEST_HOST)";
				FRAMEWORK_SEARCH_PATHS = (
					"$(SDKROOT)/Developer/Library/Frameworks",
					"$(inherited)",
				);
				INFOPLIST_FILE = "week5-scrollviewTests/Info.plist";
				LD_RUNPATH_SEARCH_PATHS = "$(inherited) @executable_path/Frameworks @loader_path/Frameworks";
				PRODUCT_NAME = "$(TARGET_NAME)";
				TEST_HOST = "$(BUILT_PRODUCTS_DIR)/week5-scrollview.app/week5-scrollview";
			};
			name = Release;
		};
/* End XCBuildConfiguration section */

/* Begin XCConfigurationList section */
		303418C81ADD306A00A0C2B5 /* Build configuration list for PBXProject "week5-scrollview" */ = {
			isa = XCConfigurationList;
			buildConfigurations = (
				303418EE1ADD306A00A0C2B5 /* Debug */,
				303418EF1ADD306A00A0C2B5 /* Release */,
			);
			defaultConfigurationIsVisible = 0;
			defaultConfigurationName = Release;
		};
		303418F01ADD306A00A0C2B5 /* Build configuration list for PBXNativeTarget "week5-scrollview" */ = {
			isa = XCConfigurationList;
			buildConfigurations = (
				303418F11ADD306A00A0C2B5 /* Debug */,
				303418F21ADD306A00A0C2B5 /* Release */,
			);
			defaultConfigurationIsVisible = 0;
		};
		303418F31ADD306A00A0C2B5 /* Build configuration list for PBXNativeTarget "week5-scrollviewTests" */ = {
			isa = XCConfigurationList;
			buildConfigurations = (
				303418F41ADD306A00A0C2B5 /* Debug */,
				303418F51ADD306A00A0C2B5 /* Release */,
			);
			defaultConfigurationIsVisible = 0;
		};
/* End XCConfigurationList section */
	};
	rootObject = 303418C51ADD306A00A0C2B5 /* Project object */;
}
