// !$*UTF8*$!
{
	archiveVersion = 1;
	classes = {
	};
	objectVersion = 46;
	objects = {

/* Begin PBXBuildFile section */
		3054D1711AC9BA69001BAC43 /* main.m in Sources */ = {isa = PBXBuildFile; fileRef = 3054D1701AC9BA69001BAC43 /* main.m */; };
		3054D1741AC9BA69001BAC43 /* AppDelegate.m in Sources */ = {isa = PBXBuildFile; fileRef = 3054D1731AC9BA69001BAC43 /* AppDelegate.m */; };
		3054D1771AC9BA69001BAC43 /* ViewController.m in Sources */ = {isa = PBXBuildFile; fileRef = 3054D1761AC9BA69001BAC43 /* ViewController.m */; };
		3054D17A1AC9BA69001BAC43 /* Main.storyboard in Resources */ = {isa = PBXBuildFile; fileRef = 3054D1781AC9BA69001BAC43 /* Main.storyboard */; };
		3054D17C1AC9BA69001BAC43 /* Images.xcassets in Resources */ = {isa = PBXBuildFile; fileRef = 3054D17B1AC9BA69001BAC43 /* Images.xcassets */; };
		3054D17F1AC9BA69001BAC43 /* LaunchScreen.xib in Resources */ = {isa = PBXBuildFile; fileRef = 3054D17D1AC9BA69001BAC43 /* LaunchScreen.xib */; };
		3054D18B1AC9BA6A001BAC43 /* BlogReaderManualTests.m in Sources */ = {isa = PBXBuildFile; fileRef = 3054D18A1AC9BA6A001BAC43 /* BlogReaderManualTests.m */; };
/* End PBXBuildFile section */

/* Begin PBXContainerItemProxy section */
		3054D1851AC9BA6A001BAC43 /* PBXContainerItemProxy */ = {
			isa = PBXContainerItemProxy;
			containerPortal = 3054D1631AC9BA69001BAC43 /* Project object */;
			proxyType = 1;
			remoteGlobalIDString = 3054D16A1AC9BA69001BAC43;
			remoteInfo = BlogReaderManual;
		};
/* End PBXContainerItemProxy section */

/* Begin PBXFileReference section */
		3054D16B1AC9BA69001BAC43 /* BlogReaderManual.app */ = {isa = PBXFileReference; explicitFileType = wrapper.application; includeInIndex = 0; path = BlogReaderManual.app; sourceTree = BUILT_PRODUCTS_DIR; };
		3054D16F1AC9BA69001BAC43 /* Info.plist */ = {isa = PBXFileReference; lastKnownFileType = text.plist.xml; path = Info.plist; sourceTree = "<group>"; };
		3054D1701AC9BA69001BAC43 /* main.m */ = {isa = PBXFileReference; lastKnownFileType = sourcecode.c.objc; path = main.m; sourceTree = "<group>"; };
		3054D1721AC9BA69001BAC43 /* AppDelegate.h */ = {isa = PBXFileReference; lastKnownFileType = sourcecode.c.h; path = AppDelegate.h; sourceTree = "<group>"; };
		3054D1731AC9BA69001BAC43 /* AppDelegate.m */ = {isa = PBXFileReference; lastKnownFileType = sourcecode.c.objc; path = AppDelegate.m; sourceTree = "<group>"; };
		3054D1751AC9BA69001BAC43 /* ViewController.h */ = {isa = PBXFileReference; lastKnownFileType = sourcecode.c.h; path = ViewController.h; sourceTree = "<group>"; };
		3054D1761AC9BA69001BAC43 /* ViewController.m */ = {isa = PBXFileReference; lastKnownFileType = sourcecode.c.objc; path = ViewController.m; sourceTree = "<group>"; };
		3054D1791AC9BA69001BAC43 /* Base */ = {isa = PBXFileReference; lastKnownFileType = file.storyboard; name = Base; path = Base.lproj/Main.storyboard; sourceTree = "<group>"; };
		3054D17B1AC9BA69001BAC43 /* Images.xcassets */ = {isa = PBXFileReference; lastKnownFileType = folder.assetcatalog; path = Images.xcassets; sourceTree = "<group>"; };
		3054D17E1AC9BA69001BAC43 /* Base */ = {isa = PBXFileReference; lastKnownFileType = file.xib; name = Base; path = Base.lproj/LaunchScreen.xib; sourceTree = "<group>"; };
		3054D1841AC9BA6A001BAC43 /* BlogReaderManualTests.xctest */ = {isa = PBXFileReference; explicitFileType = wrapper.cfbundle; includeInIndex = 0; path = BlogReaderManualTests.xctest; sourceTree = BUILT_PRODUCTS_DIR; };
		3054D1891AC9BA6A001BAC43 /* Info.plist */ = {isa = PBXFileReference; lastKnownFileType = text.plist.xml; path = Info.plist; sourceTree = "<group>"; };
		3054D18A1AC9BA6A001BAC43 /* BlogReaderManualTests.m */ = {isa = PBXFileReference; lastKnownFileType = sourcecode.c.objc; path = BlogReaderManualTests.m; sourceTree = "<group>"; };
/* End PBXFileReference section */

/* Begin PBXFrameworksBuildPhase section */
		3054D1681AC9BA69001BAC43 /* Frameworks */ = {
			isa = PBXFrameworksBuildPhase;
			buildActionMask = 2147483647;
			files = (
			);
			runOnlyForDeploymentPostprocessing = 0;
		};
		3054D1811AC9BA6A001BAC43 /* Frameworks */ = {
			isa = PBXFrameworksBuildPhase;
			buildActionMask = 2147483647;
			files = (
			);
			runOnlyForDeploymentPostprocessing = 0;
		};
/* End PBXFrameworksBuildPhase section */

/* Begin PBXGroup section */
		3054D1621AC9BA69001BAC43 = {
			isa = PBXGroup;
			children = (
				3054D16D1AC9BA69001BAC43 /* BlogReaderManual */,
				3054D1871AC9BA6A001BAC43 /* BlogReaderManualTests */,
				3054D16C1AC9BA69001BAC43 /* Products */,
			);
			sourceTree = "<group>";
		};
		3054D16C1AC9BA69001BAC43 /* Products */ = {
			isa = PBXGroup;
			children = (
				3054D16B1AC9BA69001BAC43 /* BlogReaderManual.app */,
				3054D1841AC9BA6A001BAC43 /* BlogReaderManualTests.xctest */,
			);
			name = Products;
			sourceTree = "<group>";
		};
		3054D16D1AC9BA69001BAC43 /* BlogReaderManual */ = {
			isa = PBXGroup;
			children = (
				3054D1721AC9BA69001BAC43 /* AppDelegate.h */,
				3054D1731AC9BA69001BAC43 /* AppDelegate.m */,
				3054D1751AC9BA69001BAC43 /* ViewController.h */,
				3054D1761AC9BA69001BAC43 /* ViewController.m */,
				3054D1781AC9BA69001BAC43 /* Main.storyboard */,
				3054D17B1AC9BA69001BAC43 /* Images.xcassets */,
				3054D17D1AC9BA69001BAC43 /* LaunchScreen.xib */,
				3054D16E1AC9BA69001BAC43 /* Supporting Files */,
			);
			path = BlogReaderManual;
			sourceTree = "<group>";
		};
		3054D16E1AC9BA69001BAC43 /* Supporting Files */ = {
			isa = PBXGroup;
			children = (
				3054D16F1AC9BA69001BAC43 /* Info.plist */,
				3054D1701AC9BA69001BAC43 /* main.m */,
			);
			name = "Supporting Files";
			sourceTree = "<group>";
		};
		3054D1871AC9BA6A001BAC43 /* BlogReaderManualTests */ = {
			isa = PBXGroup;
			children = (
				3054D18A1AC9BA6A001BAC43 /* BlogReaderManualTests.m */,
				3054D1881AC9BA6A001BAC43 /* Supporting Files */,
			);
			path = BlogReaderManualTests;
			sourceTree = "<group>";
		};
		3054D1881AC9BA6A001BAC43 /* Supporting Files */ = {
			isa = PBXGroup;
			children = (
				3054D1891AC9BA6A001BAC43 /* Info.plist */,
			);
			name = "Supporting Files";
			sourceTree = "<group>";
		};
/* End PBXGroup section */

/* Begin PBXNativeTarget section */
		3054D16A1AC9BA69001BAC43 /* BlogReaderManual */ = {
			isa = PBXNativeTarget;
			buildConfigurationList = 3054D18E1AC9BA6A001BAC43 /* Build configuration list for PBXNativeTarget "BlogReaderManual" */;
			buildPhases = (
				3054D1671AC9BA69001BAC43 /* Sources */,
				3054D1681AC9BA69001BAC43 /* Frameworks */,
				3054D1691AC9BA69001BAC43 /* Resources */,
			);
			buildRules = (
			);
			dependencies = (
			);
			name = BlogReaderManual;
			productName = BlogReaderManual;
			productReference = 3054D16B1AC9BA69001BAC43 /* BlogReaderManual.app */;
			productType = "com.apple.product-type.application";
		};
		3054D1831AC9BA6A001BAC43 /* BlogReaderManualTests */ = {
			isa = PBXNativeTarget;
			buildConfigurationList = 3054D1911AC9BA6A001BAC43 /* Build configuration list for PBXNativeTarget "BlogReaderManualTests" */;
			buildPhases = (
				3054D1801AC9BA6A001BAC43 /* Sources */,
				3054D1811AC9BA6A001BAC43 /* Frameworks */,
				3054D1821AC9BA6A001BAC43 /* Resources */,
			);
			buildRules = (
			);
			dependencies = (
				3054D1861AC9BA6A001BAC43 /* PBXTargetDependency */,
			);
			name = BlogReaderManualTests;
			productName = BlogReaderManualTests;
			productReference = 3054D1841AC9BA6A001BAC43 /* BlogReaderManualTests.xctest */;
			productType = "com.apple.product-type.bundle.unit-test";
		};
/* End PBXNativeTarget section */

/* Begin PBXProject section */
		3054D1631AC9BA69001BAC43 /* Project object */ = {
			isa = PBXProject;
			attributes = {
				LastUpgradeCheck = 0620;
				ORGANIZATIONNAME = "Hyungjin Ko";
				TargetAttributes = {
					3054D16A1AC9BA69001BAC43 = {
						CreatedOnToolsVersion = 6.2;
					};
					3054D1831AC9BA6A001BAC43 = {
						CreatedOnToolsVersion = 6.2;
						TestTargetID = 3054D16A1AC9BA69001BAC43;
					};
				};
			};
			buildConfigurationList = 3054D1661AC9BA69001BAC43 /* Build configuration list for PBXProject "BlogReaderManual" */;
			compatibilityVersion = "Xcode 3.2";
			developmentRegion = English;
			hasScannedForEncodings = 0;
			knownRegions = (
				en,
				Base,
			);
			mainGroup = 3054D1621AC9BA69001BAC43;
			productRefGroup = 3054D16C1AC9BA69001BAC43 /* Products */;
			projectDirPath = "";
			projectRoot = "";
			targets = (
				3054D16A1AC9BA69001BAC43 /* BlogReaderManual */,
				3054D1831AC9BA6A001BAC43 /* BlogReaderManualTests */,
			);
		};
/* End PBXProject section */

/* Begin PBXResourcesBuildPhase section */
		3054D1691AC9BA69001BAC43 /* Resources */ = {
			isa = PBXResourcesBuildPhase;
			buildActionMask = 2147483647;
			files = (
				3054D17A1AC9BA69001BAC43 /* Main.storyboard in Resources */,
				3054D17F1AC9BA69001BAC43 /* LaunchScreen.xib in Resources */,
				3054D17C1AC9BA69001BAC43 /* Images.xcassets in Resources */,
			);
			runOnlyForDeploymentPostprocessing = 0;
		};
		3054D1821AC9BA6A001BAC43 /* Resources */ = {
			isa = PBXResourcesBuildPhase;
			buildActionMask = 2147483647;
			files = (
			);
			runOnlyForDeploymentPostprocessing = 0;
		};
/* End PBXResourcesBuildPhase section */

/* Begin PBXSourcesBuildPhase section */
		3054D1671AC9BA69001BAC43 /* Sources */ = {
			isa = PBXSourcesBuildPhase;
			buildActionMask = 2147483647;
			files = (
				3054D1771AC9BA69001BAC43 /* ViewController.m in Sources */,
				3054D1741AC9BA69001BAC43 /* AppDelegate.m in Sources */,
				3054D1711AC9BA69001BAC43 /* main.m in Sources */,
			);
			runOnlyForDeploymentPostprocessing = 0;
		};
		3054D1801AC9BA6A001BAC43 /* Sources */ = {
			isa = PBXSourcesBuildPhase;
			buildActionMask = 2147483647;
			files = (
				3054D18B1AC9BA6A001BAC43 /* BlogReaderManualTests.m in Sources */,
			);
			runOnlyForDeploymentPostprocessing = 0;
		};
/* End PBXSourcesBuildPhase section */

/* Begin PBXTargetDependency section */
		3054D1861AC9BA6A001BAC43 /* PBXTargetDependency */ = {
			isa = PBXTargetDependency;
			target = 3054D16A1AC9BA69001BAC43 /* BlogReaderManual */;
			targetProxy = 3054D1851AC9BA6A001BAC43 /* PBXContainerItemProxy */;
		};
/* End PBXTargetDependency section */

/* Begin PBXVariantGroup section */
		3054D1781AC9BA69001BAC43 /* Main.storyboard */ = {
			isa = PBXVariantGroup;
			children = (
				3054D1791AC9BA69001BAC43 /* Base */,
			);
			name = Main.storyboard;
			sourceTree = "<group>";
		};
		3054D17D1AC9BA69001BAC43 /* LaunchScreen.xib */ = {
			isa = PBXVariantGroup;
			children = (
				3054D17E1AC9BA69001BAC43 /* Base */,
			);
			name = LaunchScreen.xib;
			sourceTree = "<group>";
		};
/* End PBXVariantGroup section */

/* Begin XCBuildConfiguration section */
		3054D18C1AC9BA6A001BAC43 /* Debug */ = {
			isa = XCBuildConfiguration;
			buildSettings = {
				ALWAYS_SEARCH_USER_PATHS = NO;
				CLANG_CXX_LANGUAGE_STANDARD = "gnu++0x";
				CLANG_CXX_LIBRARY = "libc++";
				CLANG_ENABLE_MODULES = YES;
				CLANG_ENABLE_OBJC_ARC = YES;
				CLANG_WARN_BOOL_CONVERSION = YES;
				CLANG_WARN_CONSTANT_CONVERSION = YES;
				CLANG_WARN_DIRECT_OBJC_ISA_USAGE = YES_ERROR;
				CLANG_WARN_EMPTY_BODY = YES;
				CLANG_WARN_ENUM_CONVERSION = YES;
				CLANG_WARN_INT_CONVERSION = YES;
				CLANG_WARN_OBJC_ROOT_CLASS = YES_ERROR;
				CLANG_WARN_UNREACHABLE_CODE = YES;
				CLANG_WARN__DUPLICATE_METHOD_MATCH = YES;
				"CODE_SIGN_IDENTITY[sdk=iphoneos*]" = "iPhone Developer";
				COPY_PHASE_STRIP = NO;
				ENABLE_STRICT_OBJC_MSGSEND = YES;
				GCC_C_LANGUAGE_STANDARD = gnu99;
				GCC_DYNAMIC_NO_PIC = NO;
				GCC_OPTIMIZATION_LEVEL = 0;
				GCC_PREPROCESSOR_DEFINITIONS = (
					"DEBUG=1",
					"$(inherited)",
				);
				GCC_SYMBOLS_PRIVATE_EXTERN = NO;
				GCC_WARN_64_TO_32_BIT_CONVERSION = YES;
				GCC_WARN_ABOUT_RETURN_TYPE = YES_ERROR;
				GCC_WARN_UNDECLARED_SELECTOR = YES;
				GCC_WARN_UNINITIALIZED_AUTOS = YES_AGGRESSIVE;
				GCC_WARN_UNUSED_FUNCTION = YES;
				GCC_WARN_UNUSED_VARIABLE = YES;
				IPHONEOS_DEPLOYMENT_TARGET = 8.2;
				MTL_ENABLE_DEBUG_INFO = YES;
				ONLY_ACTIVE_ARCH = YES;
				SDKROOT = iphoneos;
			};
			name = Debug;
		};
		3054D18D1AC9BA6A001BAC43 /* Release */ = {
			isa = XCBuildConfiguration;
			buildSettings = {
				ALWAYS_SEARCH_USER_PATHS = NO;
				CLANG_CXX_LANGUAGE_STANDARD = "gnu++0x";
				CLANG_CXX_LIBRARY = "libc++";
				CLANG_ENABLE_MODULES = YES;
				CLANG_ENABLE_OBJC_ARC = YES;
				CLANG_WARN_BOOL_CONVERSION = YES;
				CLANG_WARN_CONSTANT_CONVERSION = YES;
				CLANG_WARN_DIRECT_OBJC_ISA_USAGE = YES_ERROR;
				CLANG_WARN_EMPTY_BODY = YES;
				CLANG_WARN_ENUM_CONVERSION = YES;
				CLANG_WARN_INT_CONVERSION = YES;
				CLANG_WARN_OBJC_ROOT_CLASS = YES_ERROR;
				CLANG_WARN_UNREACHABLE_CODE = YES;
				CLANG_WARN__DUPLICATE_METHOD_MATCH = YES;
				"CODE_SIGN_IDENTITY[sdk=iphoneos*]" = "iPhone Developer";
				COPY_PHASE_STRIP = NO;
				ENABLE_NS_ASSERTIONS = NO;
				ENABLE_STRICT_OBJC_MSGSEND = YES;
				GCC_C_LANGUAGE_STANDARD = gnu99;
				GCC_WARN_64_TO_32_BIT_CONVERSION = YES;
				GCC_WARN_ABOUT_RETURN_TYPE = YES_ERROR;
				GCC_WARN_UNDECLARED_SELECTOR = YES;
				GCC_WARN_UNINITIALIZED_AUTOS = YES_AGGRESSIVE;
				GCC_WARN_UNUSED_FUNCTION = YES;
				GCC_WARN_UNUSED_VARIABLE = YES;
				IPHONEOS_DEPLOYMENT_TARGET = 8.2;
				MTL_ENABLE_DEBUG_INFO = NO;
				SDKROOT = iphoneos;
				VALIDATE_PRODUCT = YES;
			};
			name = Release;
		};
		3054D18F1AC9BA6A001BAC43 /* Debug */ = {
			isa = XCBuildConfiguration;
			buildSettings = {
				ASSETCATALOG_COMPILER_APPICON_NAME = AppIcon;
				INFOPLIST_FILE = BlogReaderManual/Info.plist;
				LD_RUNPATH_SEARCH_PATHS = "$(inherited) @executable_path/Frameworks";
				PRODUCT_NAME = "$(TARGET_NAME)";
			};
			name = Debug;
		};
		3054D1901AC9BA6A001BAC43 /* Release */ = {
			isa = XCBuildConfiguration;
			buildSettings = {
				ASSETCATALOG_COMPILER_APPICON_NAME = AppIcon;
				INFOPLIST_FILE = BlogReaderManual/Info.plist;
				LD_RUNPATH_SEARCH_PATHS = "$(inherited) @executable_path/Frameworks";
				PRODUCT_NAME = "$(TARGET_NAME)";
			};
			name = Release;
		};
		3054D1921AC9BA6A001BAC43 /* Debug */ = {
			isa = XCBuildConfiguration;
			buildSettings = {
				BUNDLE_LOADER = "$(TEST_HOST)";
				FRAMEWORK_SEARCH_PATHS = (
					"$(SDKROOT)/Developer/Library/Frameworks",
					"$(inherited)",
				);
				GCC_PREPROCESSOR_DEFINITIONS = (
					"DEBUG=1",
					"$(inherited)",
				);
				INFOPLIST_FILE = BlogReaderManualTests/Info.plist;
				LD_RUNPATH_SEARCH_PATHS = "$(inherited) @executable_path/Frameworks @loader_path/Frameworks";
				PRODUCT_NAME = "$(TARGET_NAME)";
				TEST_HOST = "$(BUILT_PRODUCTS_DIR)/BlogReaderManual.app/BlogReaderManual";
			};
			name = Debug;
		};
		3054D1931AC9BA6A001BAC43 /* Release */ = {
			isa = XCBuildConfiguration;
			buildSettings = {
				BUNDLE_LOADER = "$(TEST_HOST)";
				FRAMEWORK_SEARCH_PATHS = (
					"$(SDKROOT)/Developer/Library/Frameworks",
					"$(inherited)",
				);
				INFOPLIST_FILE = BlogReaderManualTests/Info.plist;
				LD_RUNPATH_SEARCH_PATHS = "$(inherited) @executable_path/Frameworks @loader_path/Frameworks";
				PRODUCT_NAME = "$(TARGET_NAME)";
				TEST_HOST = "$(BUILT_PRODUCTS_DIR)/BlogReaderManual.app/BlogReaderManual";
			};
			name = Release;
		};
/* End XCBuildConfiguration section */

/* Begin XCConfigurationList section */
		3054D1661AC9BA69001BAC43 /* Build configuration list for PBXProject "BlogReaderManual" */ = {
			isa = XCConfigurationList;
			buildConfigurations = (
				3054D18C1AC9BA6A001BAC43 /* Debug */,
				3054D18D1AC9BA6A001BAC43 /* Release */,
			);
			defaultConfigurationIsVisible = 0;
			defaultConfigurationName = Release;
		};
		3054D18E1AC9BA6A001BAC43 /* Build configuration list for PBXNativeTarget "BlogReaderManual" */ = {
			isa = XCConfigurationList;
			buildConfigurations = (
				3054D18F1AC9BA6A001BAC43 /* Debug */,
				3054D1901AC9BA6A001BAC43 /* Release */,
			);
			defaultConfigurationIsVisible = 0;
		};
		3054D1911AC9BA6A001BAC43 /* Build configuration list for PBXNativeTarget "BlogReaderManualTests" */ = {
			isa = XCConfigurationList;
			buildConfigurations = (
				3054D1921AC9BA6A001BAC43 /* Debug */,
				3054D1931AC9BA6A001BAC43 /* Release */,
			);
			defaultConfigurationIsVisible = 0;
		};
/* End XCConfigurationList section */
	};
	rootObject = 3054D1631AC9BA69001BAC43 /* Project object */;
}
