// !$*UTF8*$!
{
	archiveVersion = 1;
	classes = {
	};
	objectVersion = 46;
	objects = {

/* Begin PBXBuildFile section */
		3054D1041AC8CC0A001BAC43 /* main.m in Sources */ = {isa = PBXBuildFile; fileRef = 3054D1031AC8CC0A001BAC43 /* main.m */; };
		3054D1071AC8CC0A001BAC43 /* AppDelegate.m in Sources */ = {isa = PBXBuildFile; fileRef = 3054D1061AC8CC0A001BAC43 /* AppDelegate.m */; };
		3054D10A1AC8CC0A001BAC43 /* MasterViewController.m in Sources */ = {isa = PBXBuildFile; fileRef = 3054D1091AC8CC0A001BAC43 /* MasterViewController.m */; };
		3054D10D1AC8CC0A001BAC43 /* DetailViewController.m in Sources */ = {isa = PBXBuildFile; fileRef = 3054D10C1AC8CC0A001BAC43 /* DetailViewController.m */; };
		3054D1101AC8CC0A001BAC43 /* Main.storyboard in Resources */ = {isa = PBXBuildFile; fileRef = 3054D10E1AC8CC0A001BAC43 /* Main.storyboard */; };
		3054D1121AC8CC0A001BAC43 /* Images.xcassets in Resources */ = {isa = PBXBuildFile; fileRef = 3054D1111AC8CC0A001BAC43 /* Images.xcassets */; };
		3054D1151AC8CC0A001BAC43 /* LaunchScreen.xib in Resources */ = {isa = PBXBuildFile; fileRef = 3054D1131AC8CC0A001BAC43 /* LaunchScreen.xib */; };
		3054D1211AC8CC0A001BAC43 /* BlogReaderTests.m in Sources */ = {isa = PBXBuildFile; fileRef = 3054D1201AC8CC0A001BAC43 /* BlogReaderTests.m */; };
/* End PBXBuildFile section */

/* Begin PBXContainerItemProxy section */
		3054D11B1AC8CC0A001BAC43 /* PBXContainerItemProxy */ = {
			isa = PBXContainerItemProxy;
			containerPortal = 3054D0F61AC8CC0A001BAC43 /* Project object */;
			proxyType = 1;
			remoteGlobalIDString = 3054D0FD1AC8CC0A001BAC43;
			remoteInfo = BlogReader;
		};
/* End PBXContainerItemProxy section */

/* Begin PBXFileReference section */
		3054D0FE1AC8CC0A001BAC43 /* BlogReader.app */ = {isa = PBXFileReference; explicitFileType = wrapper.application; includeInIndex = 0; path = BlogReader.app; sourceTree = BUILT_PRODUCTS_DIR; };
		3054D1021AC8CC0A001BAC43 /* Info.plist */ = {isa = PBXFileReference; lastKnownFileType = text.plist.xml; path = Info.plist; sourceTree = "<group>"; };
		3054D1031AC8CC0A001BAC43 /* main.m */ = {isa = PBXFileReference; lastKnownFileType = sourcecode.c.objc; path = main.m; sourceTree = "<group>"; };
		3054D1051AC8CC0A001BAC43 /* AppDelegate.h */ = {isa = PBXFileReference; lastKnownFileType = sourcecode.c.h; path = AppDelegate.h; sourceTree = "<group>"; };
		3054D1061AC8CC0A001BAC43 /* AppDelegate.m */ = {isa = PBXFileReference; lastKnownFileType = sourcecode.c.objc; path = AppDelegate.m; sourceTree = "<group>"; };
		3054D1081AC8CC0A001BAC43 /* MasterViewController.h */ = {isa = PBXFileReference; lastKnownFileType = sourcecode.c.h; path = MasterViewController.h; sourceTree = "<group>"; };
		3054D1091AC8CC0A001BAC43 /* MasterViewController.m */ = {isa = PBXFileReference; lastKnownFileType = sourcecode.c.objc; path = MasterViewController.m; sourceTree = "<group>"; };
		3054D10B1AC8CC0A001BAC43 /* DetailViewController.h */ = {isa = PBXFileReference; lastKnownFileType = sourcecode.c.h; path = DetailViewController.h; sourceTree = "<group>"; };
		3054D10C1AC8CC0A001BAC43 /* DetailViewController.m */ = {isa = PBXFileReference; lastKnownFileType = sourcecode.c.objc; path = DetailViewController.m; sourceTree = "<group>"; };
		3054D10F1AC8CC0A001BAC43 /* Base */ = {isa = PBXFileReference; lastKnownFileType = file.storyboard; name = Base; path = Base.lproj/Main.storyboard; sourceTree = "<group>"; };
		3054D1111AC8CC0A001BAC43 /* Images.xcassets */ = {isa = PBXFileReference; lastKnownFileType = folder.assetcatalog; path = Images.xcassets; sourceTree = "<group>"; };
		3054D1141AC8CC0A001BAC43 /* Base */ = {isa = PBXFileReference; lastKnownFileType = file.xib; name = Base; path = Base.lproj/LaunchScreen.xib; sourceTree = "<group>"; };
		3054D11A1AC8CC0A001BAC43 /* BlogReaderTests.xctest */ = {isa = PBXFileReference; explicitFileType = wrapper.cfbundle; includeInIndex = 0; path = BlogReaderTests.xctest; sourceTree = BUILT_PRODUCTS_DIR; };
		3054D11F1AC8CC0A001BAC43 /* Info.plist */ = {isa = PBXFileReference; lastKnownFileType = text.plist.xml; path = Info.plist; sourceTree = "<group>"; };
		3054D1201AC8CC0A001BAC43 /* BlogReaderTests.m */ = {isa = PBXFileReference; lastKnownFileType = sourcecode.c.objc; path = BlogReaderTests.m; sourceTree = "<group>"; };
/* End PBXFileReference section */

/* Begin PBXFrameworksBuildPhase section */
		3054D0FB1AC8CC0A001BAC43 /* Frameworks */ = {
			isa = PBXFrameworksBuildPhase;
			buildActionMask = 2147483647;
			files = (
			);
			runOnlyForDeploymentPostprocessing = 0;
		};
		3054D1171AC8CC0A001BAC43 /* Frameworks */ = {
			isa = PBXFrameworksBuildPhase;
			buildActionMask = 2147483647;
			files = (
			);
			runOnlyForDeploymentPostprocessing = 0;
		};
/* End PBXFrameworksBuildPhase section */

/* Begin PBXGroup section */
		3054D0F51AC8CC0A001BAC43 = {
			isa = PBXGroup;
			children = (
				3054D1001AC8CC0A001BAC43 /* BlogReader */,
				3054D11D1AC8CC0A001BAC43 /* BlogReaderTests */,
				3054D0FF1AC8CC0A001BAC43 /* Products */,
			);
			sourceTree = "<group>";
		};
		3054D0FF1AC8CC0A001BAC43 /* Products */ = {
			isa = PBXGroup;
			children = (
				3054D0FE1AC8CC0A001BAC43 /* BlogReader.app */,
				3054D11A1AC8CC0A001BAC43 /* BlogReaderTests.xctest */,
			);
			name = Products;
			sourceTree = "<group>";
		};
		3054D1001AC8CC0A001BAC43 /* BlogReader */ = {
			isa = PBXGroup;
			children = (
				3054D1051AC8CC0A001BAC43 /* AppDelegate.h */,
				3054D1061AC8CC0A001BAC43 /* AppDelegate.m */,
				3054D1081AC8CC0A001BAC43 /* MasterViewController.h */,
				3054D1091AC8CC0A001BAC43 /* MasterViewController.m */,
				3054D10B1AC8CC0A001BAC43 /* DetailViewController.h */,
				3054D10C1AC8CC0A001BAC43 /* DetailViewController.m */,
				3054D10E1AC8CC0A001BAC43 /* Main.storyboard */,
				3054D1111AC8CC0A001BAC43 /* Images.xcassets */,
				3054D1131AC8CC0A001BAC43 /* LaunchScreen.xib */,
				3054D1011AC8CC0A001BAC43 /* Supporting Files */,
			);
			path = BlogReader;
			sourceTree = "<group>";
		};
		3054D1011AC8CC0A001BAC43 /* Supporting Files */ = {
			isa = PBXGroup;
			children = (
				3054D1021AC8CC0A001BAC43 /* Info.plist */,
				3054D1031AC8CC0A001BAC43 /* main.m */,
			);
			name = "Supporting Files";
			sourceTree = "<group>";
		};
		3054D11D1AC8CC0A001BAC43 /* BlogReaderTests */ = {
			isa = PBXGroup;
			children = (
				3054D1201AC8CC0A001BAC43 /* BlogReaderTests.m */,
				3054D11E1AC8CC0A001BAC43 /* Supporting Files */,
			);
			path = BlogReaderTests;
			sourceTree = "<group>";
		};
		3054D11E1AC8CC0A001BAC43 /* Supporting Files */ = {
			isa = PBXGroup;
			children = (
				3054D11F1AC8CC0A001BAC43 /* Info.plist */,
			);
			name = "Supporting Files";
			sourceTree = "<group>";
		};
/* End PBXGroup section */

/* Begin PBXNativeTarget section */
		3054D0FD1AC8CC0A001BAC43 /* BlogReader */ = {
			isa = PBXNativeTarget;
			buildConfigurationList = 3054D1241AC8CC0A001BAC43 /* Build configuration list for PBXNativeTarget "BlogReader" */;
			buildPhases = (
				3054D0FA1AC8CC0A001BAC43 /* Sources */,
				3054D0FB1AC8CC0A001BAC43 /* Frameworks */,
				3054D0FC1AC8CC0A001BAC43 /* Resources */,
			);
			buildRules = (
			);
			dependencies = (
			);
			name = BlogReader;
			productName = BlogReader;
			productReference = 3054D0FE1AC8CC0A001BAC43 /* BlogReader.app */;
			productType = "com.apple.product-type.application";
		};
		3054D1191AC8CC0A001BAC43 /* BlogReaderTests */ = {
			isa = PBXNativeTarget;
			buildConfigurationList = 3054D1271AC8CC0A001BAC43 /* Build configuration list for PBXNativeTarget "BlogReaderTests" */;
			buildPhases = (
				3054D1161AC8CC0A001BAC43 /* Sources */,
				3054D1171AC8CC0A001BAC43 /* Frameworks */,
				3054D1181AC8CC0A001BAC43 /* Resources */,
			);
			buildRules = (
			);
			dependencies = (
				3054D11C1AC8CC0A001BAC43 /* PBXTargetDependency */,
			);
			name = BlogReaderTests;
			productName = BlogReaderTests;
			productReference = 3054D11A1AC8CC0A001BAC43 /* BlogReaderTests.xctest */;
			productType = "com.apple.product-type.bundle.unit-test";
		};
/* End PBXNativeTarget section */

/* Begin PBXProject section */
		3054D0F61AC8CC0A001BAC43 /* Project object */ = {
			isa = PBXProject;
			attributes = {
				LastUpgradeCheck = 0620;
				ORGANIZATIONNAME = "Hyungjin Ko";
				TargetAttributes = {
					3054D0FD1AC8CC0A001BAC43 = {
						CreatedOnToolsVersion = 6.2;
					};
					3054D1191AC8CC0A001BAC43 = {
						CreatedOnToolsVersion = 6.2;
						TestTargetID = 3054D0FD1AC8CC0A001BAC43;
					};
				};
			};
			buildConfigurationList = 3054D0F91AC8CC0A001BAC43 /* Build configuration list for PBXProject "BlogReader" */;
			compatibilityVersion = "Xcode 3.2";
			developmentRegion = English;
			hasScannedForEncodings = 0;
			knownRegions = (
				en,
				Base,
			);
			mainGroup = 3054D0F51AC8CC0A001BAC43;
			productRefGroup = 3054D0FF1AC8CC0A001BAC43 /* Products */;
			projectDirPath = "";
			projectRoot = "";
			targets = (
				3054D0FD1AC8CC0A001BAC43 /* BlogReader */,
				3054D1191AC8CC0A001BAC43 /* BlogReaderTests */,
			);
		};
/* End PBXProject section */

/* Begin PBXResourcesBuildPhase section */
		3054D0FC1AC8CC0A001BAC43 /* Resources */ = {
			isa = PBXResourcesBuildPhase;
			buildActionMask = 2147483647;
			files = (
				3054D1101AC8CC0A001BAC43 /* Main.storyboard in Resources */,
				3054D1151AC8CC0A001BAC43 /* LaunchScreen.xib in Resources */,
				3054D1121AC8CC0A001BAC43 /* Images.xcassets in Resources */,
			);
			runOnlyForDeploymentPostprocessing = 0;
		};
		3054D1181AC8CC0A001BAC43 /* Resources */ = {
			isa = PBXResourcesBuildPhase;
			buildActionMask = 2147483647;
			files = (
			);
			runOnlyForDeploymentPostprocessing = 0;
		};
/* End PBXResourcesBuildPhase section */

/* Begin PBXSourcesBuildPhase section */
		3054D0FA1AC8CC0A001BAC43 /* Sources */ = {
			isa = PBXSourcesBuildPhase;
			buildActionMask = 2147483647;
			files = (
				3054D1071AC8CC0A001BAC43 /* AppDelegate.m in Sources */,
				3054D10A1AC8CC0A001BAC43 /* MasterViewController.m in Sources */,
				3054D1041AC8CC0A001BAC43 /* main.m in Sources */,
				3054D10D1AC8CC0A001BAC43 /* DetailViewController.m in Sources */,
			);
			runOnlyForDeploymentPostprocessing = 0;
		};
		3054D1161AC8CC0A001BAC43 /* Sources */ = {
			isa = PBXSourcesBuildPhase;
			buildActionMask = 2147483647;
			files = (
				3054D1211AC8CC0A001BAC43 /* BlogReaderTests.m in Sources */,
			);
			runOnlyForDeploymentPostprocessing = 0;
		};
/* End PBXSourcesBuildPhase section */

/* Begin PBXTargetDependency section */
		3054D11C1AC8CC0A001BAC43 /* PBXTargetDependency */ = {
			isa = PBXTargetDependency;
			target = 3054D0FD1AC8CC0A001BAC43 /* BlogReader */;
			targetProxy = 3054D11B1AC8CC0A001BAC43 /* PBXContainerItemProxy */;
		};
/* End PBXTargetDependency section */

/* Begin PBXVariantGroup section */
		3054D10E1AC8CC0A001BAC43 /* Main.storyboard */ = {
			isa = PBXVariantGroup;
			children = (
				3054D10F1AC8CC0A001BAC43 /* Base */,
			);
			name = Main.storyboard;
			sourceTree = "<group>";
		};
		3054D1131AC8CC0A001BAC43 /* LaunchScreen.xib */ = {
			isa = PBXVariantGroup;
			children = (
				3054D1141AC8CC0A001BAC43 /* Base */,
			);
			name = LaunchScreen.xib;
			sourceTree = "<group>";
		};
/* End PBXVariantGroup section */

/* Begin XCBuildConfiguration section */
		3054D1221AC8CC0A001BAC43 /* Debug */ = {
			isa = XCBuildConfiguration;
			buildSettings = {
				ALWAYS_SEARCH_USER_PATHS = NO;
				CLANG_CXX_LANGUAGE_STANDARD = "gnu++0x";
				CLANG_CXX_LIBRARY = "libc++";
				CLANG_ENABLE_MODULES = YES;
				CLANG_ENABLE_OBJC_ARC = YES;
				CLANG_WARN_BOOL_CONVERSION = YES;
				CLANG_WARN_CONSTANT_CONVERSION = YES;
				CLANG_WARN_DIRECT_OBJC_ISA_USAGE = YES_ERROR;
				CLANG_WARN_EMPTY_BODY = YES;
				CLANG_WARN_ENUM_CONVERSION = YES;
				CLANG_WARN_INT_CONVERSION = YES;
				CLANG_WARN_OBJC_ROOT_CLASS = YES_ERROR;
				CLANG_WARN_UNREACHABLE_CODE = YES;
				CLANG_WARN__DUPLICATE_METHOD_MATCH = YES;
				"CODE_SIGN_IDENTITY[sdk=iphoneos*]" = "iPhone Developer";
				COPY_PHASE_STRIP = NO;
				ENABLE_STRICT_OBJC_MSGSEND = YES;
				GCC_C_LANGUAGE_STANDARD = gnu99;
				GCC_DYNAMIC_NO_PIC = NO;
				GCC_OPTIMIZATION_LEVEL = 0;
				GCC_PREPROCESSOR_DEFINITIONS = (
					"DEBUG=1",
					"$(inherited)",
				);
				GCC_SYMBOLS_PRIVATE_EXTERN = NO;
				GCC_WARN_64_TO_32_BIT_CONVERSION = YES;
				GCC_WARN_ABOUT_RETURN_TYPE = YES_ERROR;
				GCC_WARN_UNDECLARED_SELECTOR = YES;
				GCC_WARN_UNINITIALIZED_AUTOS = YES_AGGRESSIVE;
				GCC_WARN_UNUSED_FUNCTION = YES;
				GCC_WARN_UNUSED_VARIABLE = YES;
				IPHONEOS_DEPLOYMENT_TARGET = 8.2;
				MTL_ENABLE_DEBUG_INFO = YES;
				ONLY_ACTIVE_ARCH = YES;
				SDKROOT = iphoneos;
			};
			name = Debug;
		};
		3054D1231AC8CC0A001BAC43 /* Release */ = {
			isa = XCBuildConfiguration;
			buildSettings = {
				ALWAYS_SEARCH_USER_PATHS = NO;
				CLANG_CXX_LANGUAGE_STANDARD = "gnu++0x";
				CLANG_CXX_LIBRARY = "libc++";
				CLANG_ENABLE_MODULES = YES;
				CLANG_ENABLE_OBJC_ARC = YES;
				CLANG_WARN_BOOL_CONVERSION = YES;
				CLANG_WARN_CONSTANT_CONVERSION = YES;
				CLANG_WARN_DIRECT_OBJC_ISA_USAGE = YES_ERROR;
				CLANG_WARN_EMPTY_BODY = YES;
				CLANG_WARN_ENUM_CONVERSION = YES;
				CLANG_WARN_INT_CONVERSION = YES;
				CLANG_WARN_OBJC_ROOT_CLASS = YES_ERROR;
				CLANG_WARN_UNREACHABLE_CODE = YES;
				CLANG_WARN__DUPLICATE_METHOD_MATCH = YES;
				"CODE_SIGN_IDENTITY[sdk=iphoneos*]" = "iPhone Developer";
				COPY_PHASE_STRIP = NO;
				ENABLE_NS_ASSERTIONS = NO;
				ENABLE_STRICT_OBJC_MSGSEND = YES;
				GCC_C_LANGUAGE_STANDARD = gnu99;
				GCC_WARN_64_TO_32_BIT_CONVERSION = YES;
				GCC_WARN_ABOUT_RETURN_TYPE = YES_ERROR;
				GCC_WARN_UNDECLARED_SELECTOR = YES;
				GCC_WARN_UNINITIALIZED_AUTOS = YES_AGGRESSIVE;
				GCC_WARN_UNUSED_FUNCTION = YES;
				GCC_WARN_UNUSED_VARIABLE = YES;
				IPHONEOS_DEPLOYMENT_TARGET = 8.2;
				MTL_ENABLE_DEBUG_INFO = NO;
				SDKROOT = iphoneos;
				VALIDATE_PRODUCT = YES;
			};
			name = Release;
		};
		3054D1251AC8CC0A001BAC43 /* Debug */ = {
			isa = XCBuildConfiguration;
			buildSettings = {
				ASSETCATALOG_COMPILER_APPICON_NAME = AppIcon;
				INFOPLIST_FILE = BlogReader/Info.plist;
				LD_RUNPATH_SEARCH_PATHS = "$(inherited) @executable_path/Frameworks";
				PRODUCT_NAME = "$(TARGET_NAME)";
			};
			name = Debug;
		};
		3054D1261AC8CC0A001BAC43 /* Release */ = {
			isa = XCBuildConfiguration;
			buildSettings = {
				ASSETCATALOG_COMPILER_APPICON_NAME = AppIcon;
				INFOPLIST_FILE = BlogReader/Info.plist;
				LD_RUNPATH_SEARCH_PATHS = "$(inherited) @executable_path/Frameworks";
				PRODUCT_NAME = "$(TARGET_NAME)";
			};
			name = Release;
		};
		3054D1281AC8CC0A001BAC43 /* Debug */ = {
			isa = XCBuildConfiguration;
			buildSettings = {
				BUNDLE_LOADER = "$(TEST_HOST)";
				FRAMEWORK_SEARCH_PATHS = (
					"$(SDKROOT)/Developer/Library/Frameworks",
					"$(inherited)",
				);
				GCC_PREPROCESSOR_DEFINITIONS = (
					"DEBUG=1",
					"$(inherited)",
				);
				INFOPLIST_FILE = BlogReaderTests/Info.plist;
				LD_RUNPATH_SEARCH_PATHS = "$(inherited) @executable_path/Frameworks @loader_path/Frameworks";
				PRODUCT_NAME = "$(TARGET_NAME)";
				TEST_HOST = "$(BUILT_PRODUCTS_DIR)/BlogReader.app/BlogReader";
			};
			name = Debug;
		};
		3054D1291AC8CC0A001BAC43 /* Release */ = {
			isa = XCBuildConfiguration;
			buildSettings = {
				BUNDLE_LOADER = "$(TEST_HOST)";
				FRAMEWORK_SEARCH_PATHS = (
					"$(SDKROOT)/Developer/Library/Frameworks",
					"$(inherited)",
				);
				INFOPLIST_FILE = BlogReaderTests/Info.plist;
				LD_RUNPATH_SEARCH_PATHS = "$(inherited) @executable_path/Frameworks @loader_path/Frameworks";
				PRODUCT_NAME = "$(TARGET_NAME)";
				TEST_HOST = "$(BUILT_PRODUCTS_DIR)/BlogReader.app/BlogReader";
			};
			name = Release;
		};
/* End XCBuildConfiguration section */

/* Begin XCConfigurationList section */
		3054D0F91AC8CC0A001BAC43 /* Build configuration list for PBXProject "BlogReader" */ = {
			isa = XCConfigurationList;
			buildConfigurations = (
				3054D1221AC8CC0A001BAC43 /* Debug */,
				3054D1231AC8CC0A001BAC43 /* Release */,
			);
			defaultConfigurationIsVisible = 0;
			defaultConfigurationName = Release;
		};
		3054D1241AC8CC0A001BAC43 /* Build configuration list for PBXNativeTarget "BlogReader" */ = {
			isa = XCConfigurationList;
			buildConfigurations = (
				3054D1251AC8CC0A001BAC43 /* Debug */,
				3054D1261AC8CC0A001BAC43 /* Release */,
			);
			defaultConfigurationIsVisible = 0;
		};
		3054D1271AC8CC0A001BAC43 /* Build configuration list for PBXNativeTarget "BlogReaderTests" */ = {
			isa = XCConfigurationList;
			buildConfigurations = (
				3054D1281AC8CC0A001BAC43 /* Debug */,
				3054D1291AC8CC0A001BAC43 /* Release */,
			);
			defaultConfigurationIsVisible = 0;
		};
/* End XCConfigurationList section */
	};
	rootObject = 3054D0F61AC8CC0A001BAC43 /* Project object */;
}
